
Microsoft Visual Studio Solution File, Format Version 12.00
# Visual Studio 2012
Project("{FAE04EC0-301F-11D3-BF4B-00C04F79EFBC}") = "testHSEWebApi", "testHSEWebApi\testHSEWebApi.csproj", "{86F3592D-6B85-47B2-B64D-C68A1277630C}"
EndProject
Global
	GlobalSection(SolutionConfigurationPlatforms) = preSolution
		Debug|Any CPU = Debug|Any CPU
		Release|Any CPU = Release|Any CPU
	EndGlobalSection
	GlobalSection(ProjectConfigurationPlatforms) = postSolution
		{86F3592D-6B85-47B2-B64D-C68A1277630C}.Debug|Any CPU.ActiveCfg = Debug|Any CPU
		{86F3592D-6B85-47B2-B64D-C68A1277630C}.Debug|Any CPU.Build.0 = Debug|Any CPU
		{86F3592D-6B85-47B2-B64D-C68A1277630C}.Release|Any CPU.ActiveCfg = Release|Any CPU
		{86F3592D-6B85-47B2-B64D-C68A1277630C}.Release|Any CPU.Build.0 = Release|Any CPU
	EndGlobalSection
EndGlobal
